{
  "name": "@typescene/web-nav",
  "version": "0.0.0",
  "lockfileVersion": 1,
  "requires": true,
  "dependencies": {
    "@typescene/webapp": {
      "version": "3.0.0",
      "resolved": "https://registry.npmjs.org/@typescene/webapp/-/webapp-3.0.0.tgz",
      "integrity": "sha512-VYLWmspW1mwi7HRjWmr0cxywvWg6GZBO5vNCTSY/kN0S7KklXXHO/H7gB6+RWqrPEy56ENgNl1LJG0zHZQ9HqA==",
      "dev": true,
      "requires": {
        "tslib": "^2.0.0",
        "typescene": "3.0.0"
      }
    },
    "tslib": {
      "version": "2.0.1",
      "resolved": "https://registry.npmjs.org/tslib/-/tslib-2.0.1.tgz",
      "integrity": "sha512-SgIkNheinmEBgx1IUNirK0TUD4X9yjjBRTqqjggWCU3pUEqIk3/Uwl3yRixYKT6WjQuGiwDv4NomL3wqRCj+CQ==",
      "dev": true
    },
    "typescene": {
      "version": "3.0.0",
      "resolved": "https://registry.npmjs.org/typescene/-/typescene-3.0.0.tgz",
      "integrity": "sha512-T1RK4tS9/W1lHVmSC7WnoJuZETwty+sJDF+Z8JxM7DZQbRcYgl16s5eQXAww5+RYEVSQ1vCt+qzWcS20ekD0Cg==",
      "dev": true,
      "requires": {
        "tslib": "^2.0.0"
      }
    },
    "typescript": {
      "version": "4.0.2",
      "resolved": "https://registry.npmjs.org/typescript/-/typescript-4.0.2.tgz",
      "integrity": "sha512-e4ERvRV2wb+rRZ/IQeb3jm2VxBsirQLpQhdxplZ2MEzGvDkkMmPglecnNDfSUBivMjP93vRbngYYDQqQ/78bcQ==",
      "dev": true
    }
  }
}
